
Microsoft Visual Studio Solution File, Format Version 12.00
# Visual Studio Version 17
VisualStudioVersion = 17.5.33530.505
MinimumVisualStudioVersion = 10.0.40219.1
Project("{FAE04EC0-301F-11D3-BF4B-00C04F79EFBC}") = "Calculator.WebApi", "Calculator.WebApi\Calculator.WebApi.csproj", "{C8EC954C-E762-400A-BF42-BBDFE8FF79B8}"
EndProject
Project("{FAE04EC0-301F-11D3-BF4B-00C04F79EFBC}") = "Calculator.Core", "Calculator.Core\Calculator.Core.csproj", "{B11782A6-7BCA-440E-B2E2-D71F26D5FADF}"
EndProject
Global
	GlobalSection(SolutionConfigurationPlatforms) = preSolution
		Debug|Any CPU = Debug|Any CPU
		Release|Any CPU = Release|Any CPU
	EndGlobalSection
	GlobalSection(ProjectConfigurationPlatforms) = postSolution
		{C8EC954C-E762-400A-BF42-BBDFE8FF79B8}.Debug|Any CPU.ActiveCfg = Debug|Any CPU
		{C8EC954C-E762-400A-BF42-BBDFE8FF79B8}.Debug|Any CPU.Build.0 = Debug|Any CPU
		{C8EC954C-E762-400A-BF42-BBDFE8FF79B8}.Release|Any CPU.ActiveCfg = Release|Any CPU
		{C8EC954C-E762-400A-BF42-BBDFE8FF79B8}.Release|Any CPU.Build.0 = Release|Any CPU
		{B11782A6-7BCA-440E-B2E2-D71F26D5FADF}.Debug|Any CPU.ActiveCfg = Debug|Any CPU
		{B11782A6-7BCA-440E-B2E2-D71F26D5FADF}.Debug|Any CPU.Build.0 = Debug|Any CPU
		{B11782A6-7BCA-440E-B2E2-D71F26D5FADF}.Release|Any CPU.ActiveCfg = Release|Any CPU
		{B11782A6-7BCA-440E-B2E2-D71F26D5FADF}.Release|Any CPU.Build.0 = Release|Any CPU
	EndGlobalSection
	GlobalSection(SolutionProperties) = preSolution
		HideSolutionNode = FALSE
	EndGlobalSection
	GlobalSection(ExtensibilityGlobals) = postSolution
		SolutionGuid = {437905CD-861E-4DB8-B9EA-3FD5CA01E60E}
	EndGlobalSection
EndGlobal
